
Microsoft Visual Studio Solution File, Format Version 12.00
# Visual Studio 14
VisualStudioVersion = 14.0.25420.1
MinimumVisualStudioVersion = 10.0.40219.1
Project("{FAE04EC0-301F-11D3-BF4B-00C04F79EFBC}") = "HS.Core.Encryption", "HS.Core.Encryption\HS.Core.Encryption.csproj", "{48158C31-C38F-43F5-BC50-2F43B145B7AB}"
EndProject
Project("{2150E333-8FDC-42A3-9474-1A3956D46DE8}") = "Tests", "Tests", "{9B1ADFAC-7E61-4BFA-83F9-500259338D8D}"
EndProject
Project("{FAE04EC0-301F-11D3-BF4B-00C04F79EFBC}") = "HS.Core.Encryption.Tests", "HS.Core.Encryption.Tests\HS.Core.Encryption.Tests.csproj", "{E9090F4D-0E77-4029-8D82-815681A83FA2}"
EndProject
Project("{FAE04EC0-301F-11D3-BF4B-00C04F79EFBC}") = "HS.Core.EntityFramework", "HS.Core.EntityFramework\HS.Core.EntityFramework.csproj", "{C7C54DF4-5916-454C-9818-CCA1D73B1753}"
EndProject
Global
	GlobalSection(SolutionConfigurationPlatforms) = preSolution
		Debug|Any CPU = Debug|Any CPU
		Release|Any CPU = Release|Any CPU
	EndGlobalSection
	GlobalSection(ProjectConfigurationPlatforms) = postSolution
		{48158C31-C38F-43F5-BC50-2F43B145B7AB}.Debug|Any CPU.ActiveCfg = Debug|Any CPU
		{48158C31-C38F-43F5-BC50-2F43B145B7AB}.Debug|Any CPU.Build.0 = Debug|Any CPU
		{48158C31-C38F-43F5-BC50-2F43B145B7AB}.Release|Any CPU.ActiveCfg = Release|Any CPU
		{48158C31-C38F-43F5-BC50-2F43B145B7AB}.Release|Any CPU.Build.0 = Release|Any CPU
		{E9090F4D-0E77-4029-8D82-815681A83FA2}.Debug|Any CPU.ActiveCfg = Debug|Any CPU
		{E9090F4D-0E77-4029-8D82-815681A83FA2}.Debug|Any CPU.Build.0 = Debug|Any CPU
		{E9090F4D-0E77-4029-8D82-815681A83FA2}.Release|Any CPU.ActiveCfg = Release|Any CPU
		{E9090F4D-0E77-4029-8D82-815681A83FA2}.Release|Any CPU.Build.0 = Release|Any CPU
		{C7C54DF4-5916-454C-9818-CCA1D73B1753}.Debug|Any CPU.ActiveCfg = Debug|Any CPU
		{C7C54DF4-5916-454C-9818-CCA1D73B1753}.Debug|Any CPU.Build.0 = Debug|Any CPU
		{C7C54DF4-5916-454C-9818-CCA1D73B1753}.Release|Any CPU.ActiveCfg = Release|Any CPU
		{C7C54DF4-5916-454C-9818-CCA1D73B1753}.Release|Any CPU.Build.0 = Release|Any CPU
	EndGlobalSection
	GlobalSection(SolutionProperties) = preSolution
		HideSolutionNode = FALSE
	EndGlobalSection
	GlobalSection(NestedProjects) = preSolution
		{E9090F4D-0E77-4029-8D82-815681A83FA2} = {9B1ADFAC-7E61-4BFA-83F9-500259338D8D}
	EndGlobalSection
EndGlobal
